
Microsoft Visual Studio Solution File, Format Version 12.00
# Visual Studio 14
VisualStudioVersion = 14.0.23107.0
MinimumVisualStudioVersion = 10.0.40219.1
Project("{FAE04EC0-301F-11D3-BF4B-00C04F79EFBC}") = "StoreApp", "StoreApp\StoreApp.csproj", "{E9E63260-1EE1-4DAF-AB90-BCBBD7AD4808}"
EndProject
Project("{FAE04EC0-301F-11D3-BF4B-00C04F79EFBC}") = "StoreApp.Tests", "StoreApp.Tests\StoreApp.Tests.csproj", "{0B0D926C-9430-4ABD-B2B3-02652DA55FE6}"
EndProject
Project("{FAE04EC0-301F-11D3-BF4B-00C04F79EFBC}") = "StoreAppMock", "StoreAppMock\StoreAppMock.csproj", "{5DAD202B-F137-4FFD-A84A-424E79641B48}"
EndProject
Project("{FAE04EC0-301F-11D3-BF4B-00C04F79EFBC}") = "StoreAppMock.Tests", "StoreAppMock.Tests\StoreAppMock.Tests.csproj", "{B10F1E46-8659-4355-9478-82522B163CDF}"
EndProject
Project("{FAE04EC0-301F-11D3-BF4B-00C04F79EFBC}") = "StoreAppMock2", "StoreAppMock2\StoreAppMock2.csproj", "{4C336812-51A4-4DFC-9525-08AB0FB6B71C}"
EndProject
Project("{FAE04EC0-301F-11D3-BF4B-00C04F79EFBC}") = "StoreAppMock2.Tests", "StoreAppMock2.Tests\StoreAppMock2.Tests.csproj", "{16F61D69-68F0-454B-B1D8-B8DFF8DD9013}"
EndProject
Project("{FAE04EC0-301F-11D3-BF4B-00C04F79EFBC}") = "StoreAppTestController", "StoreAppTestController\StoreAppTestController.csproj", "{FCECA88F-3A46-4F23-9103-4A43CAA99F4A}"
EndProject
Project("{FAE04EC0-301F-11D3-BF4B-00C04F79EFBC}") = "StoreAppTestController.Tests", "StoreAppTestController.Tests\StoreAppTestController.Tests.csproj", "{33CD80C2-7E55-4755-B3FE-AFD5840B40B2}"
EndProject
Project("{FAE04EC0-301F-11D3-BF4B-00C04F79EFBC}") = "StoreApp.Nunit.Test", "StoreApp.Nunit.Test\StoreApp.Nunit.Test.csproj", "{4AA6E867-DE40-4346-9930-E9A24417B4F6}"
EndProject
Project("{FAE04EC0-301F-11D3-BF4B-00C04F79EFBC}") = "StoreAppMock.Nunit.Test", "StoreAppMock.Nunit.Test\StoreAppMock.Nunit.Test.csproj", "{9BD12717-F4E7-42E7-8800-EFED94C34BB6}"
EndProject
Project("{2150E333-8FDC-42A3-9474-1A3956D46DE8}") = "StoreApp WEb", "StoreApp WEb", "{2D2A8F95-BC58-498E-9107-4BFC02D81DB8}"
EndProject
Project("{2150E333-8FDC-42A3-9474-1A3956D46DE8}") = "StoreAppMock Web", "StoreAppMock Web", "{4E514701-7BFE-44B4-8110-F3493EE3744A}"
EndProject
Project("{2150E333-8FDC-42A3-9474-1A3956D46DE8}") = "StoreAppMock2 WEb", "StoreAppMock2 WEb", "{E3E01D89-E80B-4C49-9601-976DAB71543D}"
EndProject
Project("{2150E333-8FDC-42A3-9474-1A3956D46DE8}") = "StoreAppTestController Web", "StoreAppTestController Web", "{D7339E10-6B9E-40B5-AEBA-F4EB5DE54FBF}"
EndProject
Project("{FAE04EC0-301F-11D3-BF4B-00C04F79EFBC}") = "StoreAppMock2.Nunit.Test", "StoreAppMock2.Nunit.Test\StoreAppMock2.Nunit.Test.csproj", "{DA7F183D-BBAE-4BCF-A951-168C23C6DB9E}"
EndProject
Global
	GlobalSection(SolutionConfigurationPlatforms) = preSolution
		Debug|Any CPU = Debug|Any CPU
		Release|Any CPU = Release|Any CPU
	EndGlobalSection
	GlobalSection(ProjectConfigurationPlatforms) = postSolution
		{E9E63260-1EE1-4DAF-AB90-BCBBD7AD4808}.Debug|Any CPU.ActiveCfg = Debug|Any CPU
		{E9E63260-1EE1-4DAF-AB90-BCBBD7AD4808}.Debug|Any CPU.Build.0 = Debug|Any CPU
		{E9E63260-1EE1-4DAF-AB90-BCBBD7AD4808}.Release|Any CPU.ActiveCfg = Release|Any CPU
		{E9E63260-1EE1-4DAF-AB90-BCBBD7AD4808}.Release|Any CPU.Build.0 = Release|Any CPU
		{0B0D926C-9430-4ABD-B2B3-02652DA55FE6}.Debug|Any CPU.ActiveCfg = Debug|Any CPU
		{0B0D926C-9430-4ABD-B2B3-02652DA55FE6}.Debug|Any CPU.Build.0 = Debug|Any CPU
		{0B0D926C-9430-4ABD-B2B3-02652DA55FE6}.Release|Any CPU.ActiveCfg = Release|Any CPU
		{0B0D926C-9430-4ABD-B2B3-02652DA55FE6}.Release|Any CPU.Build.0 = Release|Any CPU
		{5DAD202B-F137-4FFD-A84A-424E79641B48}.Debug|Any CPU.ActiveCfg = Debug|Any CPU
		{5DAD202B-F137-4FFD-A84A-424E79641B48}.Debug|Any CPU.Build.0 = Debug|Any CPU
		{5DAD202B-F137-4FFD-A84A-424E79641B48}.Release|Any CPU.ActiveCfg = Release|Any CPU
		{5DAD202B-F137-4FFD-A84A-424E79641B48}.Release|Any CPU.Build.0 = Release|Any CPU
		{B10F1E46-8659-4355-9478-82522B163CDF}.Debug|Any CPU.ActiveCfg = Debug|Any CPU
		{B10F1E46-8659-4355-9478-82522B163CDF}.Debug|Any CPU.Build.0 = Debug|Any CPU
		{B10F1E46-8659-4355-9478-82522B163CDF}.Release|Any CPU.ActiveCfg = Release|Any CPU
		{B10F1E46-8659-4355-9478-82522B163CDF}.Release|Any CPU.Build.0 = Release|Any CPU
		{4C336812-51A4-4DFC-9525-08AB0FB6B71C}.Debug|Any CPU.ActiveCfg = Debug|Any CPU
		{4C336812-51A4-4DFC-9525-08AB0FB6B71C}.Debug|Any CPU.Build.0 = Debug|Any CPU
		{4C336812-51A4-4DFC-9525-08AB0FB6B71C}.Release|Any CPU.ActiveCfg = Release|Any CPU
		{4C336812-51A4-4DFC-9525-08AB0FB6B71C}.Release|Any CPU.Build.0 = Release|Any CPU
		{16F61D69-68F0-454B-B1D8-B8DFF8DD9013}.Debug|Any CPU.ActiveCfg = Debug|Any CPU
		{16F61D69-68F0-454B-B1D8-B8DFF8DD9013}.Debug|Any CPU.Build.0 = Debug|Any CPU
		{16F61D69-68F0-454B-B1D8-B8DFF8DD9013}.Release|Any CPU.ActiveCfg = Release|Any CPU
		{16F61D69-68F0-454B-B1D8-B8DFF8DD9013}.Release|Any CPU.Build.0 = Release|Any CPU
		{FCECA88F-3A46-4F23-9103-4A43CAA99F4A}.Debug|Any CPU.ActiveCfg = Debug|Any CPU
		{FCECA88F-3A46-4F23-9103-4A43CAA99F4A}.Debug|Any CPU.Build.0 = Debug|Any CPU
		{FCECA88F-3A46-4F23-9103-4A43CAA99F4A}.Release|Any CPU.ActiveCfg = Release|Any CPU
		{FCECA88F-3A46-4F23-9103-4A43CAA99F4A}.Release|Any CPU.Build.0 = Release|Any CPU
		{33CD80C2-7E55-4755-B3FE-AFD5840B40B2}.Debug|Any CPU.ActiveCfg = Debug|Any CPU
		{33CD80C2-7E55-4755-B3FE-AFD5840B40B2}.Debug|Any CPU.Build.0 = Debug|Any CPU
		{33CD80C2-7E55-4755-B3FE-AFD5840B40B2}.Release|Any CPU.ActiveCfg = Release|Any CPU
		{33CD80C2-7E55-4755-B3FE-AFD5840B40B2}.Release|Any CPU.Build.0 = Release|Any CPU
		{4AA6E867-DE40-4346-9930-E9A24417B4F6}.Debug|Any CPU.ActiveCfg = Debug|Any CPU
		{4AA6E867-DE40-4346-9930-E9A24417B4F6}.Debug|Any CPU.Build.0 = Debug|Any CPU
		{4AA6E867-DE40-4346-9930-E9A24417B4F6}.Release|Any CPU.ActiveCfg = Release|Any CPU
		{4AA6E867-DE40-4346-9930-E9A24417B4F6}.Release|Any CPU.Build.0 = Release|Any CPU
		{9BD12717-F4E7-42E7-8800-EFED94C34BB6}.Debug|Any CPU.ActiveCfg = Debug|Any CPU
		{9BD12717-F4E7-42E7-8800-EFED94C34BB6}.Debug|Any CPU.Build.0 = Debug|Any CPU
		{9BD12717-F4E7-42E7-8800-EFED94C34BB6}.Release|Any CPU.ActiveCfg = Release|Any CPU
		{9BD12717-F4E7-42E7-8800-EFED94C34BB6}.Release|Any CPU.Build.0 = Release|Any CPU
		{DA7F183D-BBAE-4BCF-A951-168C23C6DB9E}.Debug|Any CPU.ActiveCfg = Debug|Any CPU
		{DA7F183D-BBAE-4BCF-A951-168C23C6DB9E}.Debug|Any CPU.Build.0 = Debug|Any CPU
		{DA7F183D-BBAE-4BCF-A951-168C23C6DB9E}.Release|Any CPU.ActiveCfg = Release|Any CPU
		{DA7F183D-BBAE-4BCF-A951-168C23C6DB9E}.Release|Any CPU.Build.0 = Release|Any CPU
	EndGlobalSection
	GlobalSection(SolutionProperties) = preSolution
		HideSolutionNode = FALSE
	EndGlobalSection
	GlobalSection(NestedProjects) = preSolution
		{E9E63260-1EE1-4DAF-AB90-BCBBD7AD4808} = {2D2A8F95-BC58-498E-9107-4BFC02D81DB8}
		{0B0D926C-9430-4ABD-B2B3-02652DA55FE6} = {2D2A8F95-BC58-498E-9107-4BFC02D81DB8}
		{5DAD202B-F137-4FFD-A84A-424E79641B48} = {4E514701-7BFE-44B4-8110-F3493EE3744A}
		{B10F1E46-8659-4355-9478-82522B163CDF} = {4E514701-7BFE-44B4-8110-F3493EE3744A}
		{4C336812-51A4-4DFC-9525-08AB0FB6B71C} = {E3E01D89-E80B-4C49-9601-976DAB71543D}
		{16F61D69-68F0-454B-B1D8-B8DFF8DD9013} = {E3E01D89-E80B-4C49-9601-976DAB71543D}
		{FCECA88F-3A46-4F23-9103-4A43CAA99F4A} = {D7339E10-6B9E-40B5-AEBA-F4EB5DE54FBF}
		{33CD80C2-7E55-4755-B3FE-AFD5840B40B2} = {D7339E10-6B9E-40B5-AEBA-F4EB5DE54FBF}
		{4AA6E867-DE40-4346-9930-E9A24417B4F6} = {2D2A8F95-BC58-498E-9107-4BFC02D81DB8}
		{9BD12717-F4E7-42E7-8800-EFED94C34BB6} = {4E514701-7BFE-44B4-8110-F3493EE3744A}
		{DA7F183D-BBAE-4BCF-A951-168C23C6DB9E} = {E3E01D89-E80B-4C49-9601-976DAB71543D}
	EndGlobalSection
	GlobalSection(CodealikeProperties) = postSolution
		SolutionGuid = d12f50a9-07a2-42ec-8d90-fe1968e5a750
	EndGlobalSection
EndGlobal
